// !$*UTF8*$!
{
	archiveVersion = 1;
	classes = {
	};
	objectVersion = 50;
	objects = {

/* Begin PBXBuildFile section */
		425DD9BC221904100079ED7F /* AppDelegate.swift in Sources */ = {isa = PBXBuildFile; fileRef = 425DD9BB221904100079ED7F /* AppDelegate.swift */; };
		425DD9BE221904100079ED7F /* ViewController.swift in Sources */ = {isa = PBXBuildFile; fileRef = 425DD9BD221904100079ED7F /* ViewController.swift */; };
		425DD9C1221904100079ED7F /* Main.storyboard in Resources */ = {isa = PBXBuildFile; fileRef = 425DD9BF221904100079ED7F /* Main.storyboard */; };
		425DD9C4221904100079ED7F /* JCPenny.xcdatamodeld in Sources */ = {isa = PBXBuildFile; fileRef = 425DD9C2221904100079ED7F /* JCPenny.xcdatamodeld */; };
		425DD9C6221904130079ED7F /* Assets.xcassets in Resources */ = {isa = PBXBuildFile; fileRef = 425DD9C5221904130079ED7F /* Assets.xcassets */; };
		425DD9C9221904130079ED7F /* LaunchScreen.storyboard in Resources */ = {isa = PBXBuildFile; fileRef = 425DD9C7221904130079ED7F /* LaunchScreen.storyboard */; };
/* End PBXBuildFile section */

/* Begin PBXFileReference section */
		425DD9B8221904100079ED7F /* JCPenny.app */ = {isa = PBXFileReference; explicitFileType = wrapper.application; includeInIndex = 0; path = JCPenny.app; sourceTree = BUILT_PRODUCTS_DIR; };
		425DD9BB221904100079ED7F /* AppDelegate.swift */ = {isa = PBXFileReference; lastKnownFileType = sourcecode.swift; path = AppDelegate.swift; sourceTree = "<group>"; };
		425DD9BD221904100079ED7F /* ViewController.swift */ = {isa = PBXFileReference; lastKnownFileType = sourcecode.swift; path = ViewController.swift; sourceTree = "<group>"; };
		425DD9C0221904100079ED7F /* Base */ = {isa = PBXFileReference; lastKnownFileType = file.storyboard; name = Base; path = Base.lproj/Main.storyboard; sourceTree = "<group>"; };
		425DD9C3221904100079ED7F /* JCPenny.xcdatamodel */ = {isa = PBXFileReference; lastKnownFileType = wrapper.xcdatamodel; path = JCPenny.xcdatamodel; sourceTree = "<group>"; };
		425DD9C5221904130079ED7F /* Assets.xcassets */ = {isa = PBXFileReference; lastKnownFileType = folder.assetcatalog; path = Assets.xcassets; sourceTree = "<group>"; };
		425DD9C8221904130079ED7F /* Base */ = {isa = PBXFileReference; lastKnownFileType = file.storyboard; name = Base; path = Base.lproj/LaunchScreen.storyboard; sourceTree = "<group>"; };
		425DD9CA221904130079ED7F /* Info.plist */ = {isa = PBXFileReference; lastKnownFileType = text.plist.xml; path = Info.plist; sourceTree = "<group>"; };
/* End PBXFileReference section */

/* Begin PBXFrameworksBuildPhase section */
		425DD9B5221904100079ED7F /* Frameworks */ = {
			isa = PBXFrameworksBuildPhase;
			buildActionMask = 2147483647;
			files = (
			);
			runOnlyForDeploymentPostprocessing = 0;
		};
/* End PBXFrameworksBuildPhase section */

/* Begin PBXGroup section */
		425DD9AF221904100079ED7F = {
			isa = PBXGroup;
			children = (
				425DD9BA221904100079ED7F /* JCPenny */,
				425DD9B9221904100079ED7F /* Products */,
			);
			sourceTree = "<group>";
		};
		425DD9B9221904100079ED7F /* Products */ = {
			isa = PBXGroup;
			children = (
				425DD9B8221904100079ED7F /* JCPenny.app */,
			);
			name = Products;
			sourceTree = "<group>";
		};
		425DD9BA221904100079ED7F /* JCPenny */ = {
			isa = PBXGroup;
			children = (
				425DD9BB221904100079ED7F /* AppDelegate.swift */,
				425DD9BD221904100079ED7F /* ViewController.swift */,
				425DD9BF221904100079ED7F /* Main.storyboard */,
				425DD9C5221904130079ED7F /* Assets.xcassets */,
				425DD9C7221904130079ED7F /* LaunchScreen.storyboard */,
				425DD9CA221904130079ED7F /* Info.plist */,
				425DD9C2221904100079ED7F /* JCPenny.xcdatamodeld */,
			);
			path = JCPenny;
			sourceTree = "<group>";
		};
/* End PBXGroup section */

/* Begin PBXNativeTarget section */
		425DD9B7221904100079ED7F /* JCPenny */ = {
			isa = PBXNativeTarget;
			buildConfigurationList = 425DD9CD221904130079ED7F /* Build configuration list for PBXNativeTarget "JCPenny" */;
			buildPhases = (
				425DD9B4221904100079ED7F /* Sources */,
				425DD9B5221904100079ED7F /* Frameworks */,
				425DD9B6221904100079ED7F /* Resources */,
			);
			buildRules = (
			);
			dependencies = (
			);
			name = JCPenny;
			productName = JCPenny;
			productReference = 425DD9B8221904100079ED7F /* JCPenny.app */;
			productType = "com.apple.product-type.application";
		};
/* End PBXNativeTarget section */

/* Begin PBXProject section */
		425DD9B0221904100079ED7F /* Project object */ = {
			isa = PBXProject;
			attributes = {
				LastSwiftUpdateCheck = 1010;
				LastUpgradeCheck = 1010;
				ORGANIZATIONNAME = "Bibek Shrestha";
				TargetAttributes = {
					425DD9B7221904100079ED7F = {
						CreatedOnToolsVersion = 10.1;
					};
				};
			};
			buildConfigurationList = 425DD9B3221904100079ED7F /* Build configuration list for PBXProject "JCPenny" */;
			compatibilityVersion = "Xcode 9.3";
			developmentRegion = en;
			hasScannedForEncodings = 0;
			knownRegions = (
				en,
				Base,
			);
			mainGroup = 425DD9AF221904100079ED7F;
			productRefGroup = 425DD9B9221904100079ED7F /* Products */;
			projectDirPath = "";
			projectRoot = "";
			targets = (
				425DD9B7221904100079ED7F /* JCPenny */,
			);
		};
/* End PBXProject section */

/* Begin PBXResourcesBuildPhase section */
		425DD9B6221904100079ED7F /* Resources */ = {
			isa = PBXResourcesBuildPhase;
			buildActionMask = 2147483647;
			files = (
				425DD9C9221904130079ED7F /* LaunchScreen.storyboard in Resources */,
				425DD9C6221904130079ED7F /* Assets.xcassets in Resources */,
				425DD9C1221904100079ED7F /* Main.storyboard in Resources */,
			);
			runOnlyForDeploymentPostprocessing = 0;
		};
/* End PBXResourcesBuildPhase section */

/* Begin PBXSourcesBuildPhase section */
		425DD9B4221904100079ED7F /* Sources */ = {
			isa = PBXSourcesBuildPhase;
			buildActionMask = 2147483647;
			files = (
				425DD9BE221904100079ED7F /* ViewController.swift in Sources */,
				425DD9BC221904100079ED7F /* AppDelegate.swift in Sources */,
				425DD9C4221904100079ED7F /* JCPenny.xcdatamodeld in Sources */,
			);
			runOnlyForDeploymentPostprocessing = 0;
		};
/* End PBXSourcesBuildPhase section */

/* Begin PBXVariantGroup section */
		425DD9BF221904100079ED7F /* Main.storyboard */ = {
			isa = PBXVariantGroup;
			children = (
				425DD9C0221904100079ED7F /* Base */,
			);
			name = Main.storyboard;
			sourceTree = "<group>";
		};
		425DD9C7221904130079ED7F /* LaunchScreen.storyboard */ = {
			isa = PBXVariantGroup;
			children = (
				425DD9C8221904130079ED7F /* Base */,
			);
			name = LaunchScreen.storyboard;
			sourceTree = "<group>";
		};
/* End PBXVariantGroup section */

/* Begin XCBuildConfiguration section */
		425DD9CB221904130079ED7F /* Debug */ = {
			isa = XCBuildConfiguration;
			buildSettings = {
				ALWAYS_SEARCH_USER_PATHS = NO;
				CLANG_ANALYZER_NONNULL = YES;
				CLANG_ANALYZER_NUMBER_OBJECT_CONVERSION = YES_AGGRESSIVE;
				CLANG_CXX_LANGUAGE_STANDARD = "gnu++14";
				CLANG_CXX_LIBRARY = "libc++";
				CLANG_ENABLE_MODULES = YES;
				CLANG_ENABLE_OBJC_ARC = YES;
				CLANG_ENABLE_OBJC_WEAK = YES;
				CLANG_WARN_BLOCK_CAPTURE_AUTORELEASING = YES;
				CLANG_WARN_BOOL_CONVERSION = YES;
				CLANG_WARN_COMMA = YES;
				CLANG_WARN_CONSTANT_CONVERSION = YES;
				CLANG_WARN_DEPRECATED_OBJC_IMPLEMENTATIONS = YES;
				CLANG_WARN_DIRECT_OBJC_ISA_USAGE = YES_ERROR;
				CLANG_WARN_DOCUMENTATION_COMMENTS = YES;
				CLANG_WARN_EMPTY_BODY = YES;
				CLANG_WARN_ENUM_CONVERSION = YES;
				CLANG_WARN_INFINITE_RECURSION = YES;
				CLANG_WARN_INT_CONVERSION = YES;
				CLANG_WARN_NON_LITERAL_NULL_CONVERSION = YES;
				CLANG_WARN_OBJC_IMPLICIT_RETAIN_SELF = YES;
				CLANG_WARN_OBJC_LITERAL_CONVERSION = YES;
				CLANG_WARN_OBJC_ROOT_CLASS = YES_ERROR;
				CLANG_WARN_RANGE_LOOP_ANALYSIS = YES;
				CLANG_WARN_STRICT_PROTOTYPES = YES;
				CLANG_WARN_SUSPICIOUS_MOVE = YES;
				CLANG_WARN_UNGUARDED_AVAILABILITY = YES_AGGRESSIVE;
				CLANG_WARN_UNREACHABLE_CODE = YES;
				CLANG_WARN__DUPLICATE_METHOD_MATCH = YES;
				CODE_SIGN_IDENTITY = "iPhone Developer";
				COPY_PHASE_STRIP = NO;
				DEBUG_INFORMATION_FORMAT = dwarf;
				ENABLE_STRICT_OBJC_MSGSEND = YES;
				ENABLE_TESTABILITY = YES;
				GCC_C_LANGUAGE_STANDARD = gnu11;
				GCC_DYNAMIC_NO_PIC = NO;
				GCC_NO_COMMON_BLOCKS = YES;
				GCC_OPTIMIZATION_LEVEL = 0;
				GCC_PREPROCESSOR_DEFINITIONS = (
					"DEBUG=1",
					"$(inherited)",
				);
				GCC_WARN_64_TO_32_BIT_CONVERSION = YES;
				GCC_WARN_ABOUT_RETURN_TYPE = YES_ERROR;
				GCC_WARN_UNDECLARED_SELECTOR = YES;
				GCC_WARN_UNINITIALIZED_AUTOS = YES_AGGRESSIVE;
				GCC_WARN_UNUSED_FUNCTION = YES;
				GCC_WARN_UNUSED_VARIABLE = YES;
				IPHONEOS_DEPLOYMENT_TARGET = 12.1;
				MTL_ENABLE_DEBUG_INFO = INCLUDE_SOURCE;
				MTL_FAST_MATH = YES;
				ONLY_ACTIVE_ARCH = YES;
				SDKROOT = iphoneos;
				SWIFT_ACTIVE_COMPILATION_CONDITIONS = DEBUG;
				SWIFT_OPTIMIZATION_LEVEL = "-Onone";
			};
			name = Debug;
		};
		425DD9CC221904130079ED7F /* Release */ = {
			isa = XCBuildConfiguration;
			buildSettings = {
				ALWAYS_SEARCH_USER_PATHS = NO;
				CLANG_ANALYZER_NONNULL = YES;
				CLANG_ANALYZER_NUMBER_OBJECT_CONVERSION = YES_AGGRESSIVE;
				CLANG_CXX_LANGUAGE_STANDARD = "gnu++14";
				CLANG_CXX_LIBRARY = "libc++";
				CLANG_ENABLE_MODULES = YES;
				CLANG_ENABLE_OBJC_ARC = YES;
				CLANG_ENABLE_OBJC_WEAK = YES;
				CLANG_WARN_BLOCK_CAPTURE_AUTORELEASING = YES;
				CLANG_WARN_BOOL_CONVERSION = YES;
				CLANG_WARN_COMMA = YES;
				CLANG_WARN_CONSTANT_CONVERSION = YES;
				CLANG_WARN_DEPRECATED_OBJC_IMPLEMENTATIONS = YES;
				CLANG_WARN_DIRECT_OBJC_ISA_USAGE = YES_ERROR;
				CLANG_WARN_DOCUMENTATION_COMMENTS = YES;
				CLANG_WARN_EMPTY_BODY = YES;
				CLANG_WARN_ENUM_CONVERSION = YES;
				CLANG_WARN_INFINITE_RECURSION = YES;
				CLANG_WARN_INT_CONVERSION = YES;
				CLANG_WARN_NON_LITERAL_NULL_CONVERSION = YES;
				CLANG_WARN_OBJC_IMPLICIT_RETAIN_SELF = YES;
				CLANG_WARN_OBJC_LITERAL_CONVERSION = YES;
				CLANG_WARN_OBJC_ROOT_CLASS = YES_ERROR;
				CLANG_WARN_RANGE_LOOP_ANALYSIS = YES;
				CLANG_WARN_STRICT_PROTOTYPES = YES;
				CLANG_WARN_SUSPICIOUS_MOVE = YES;
				CLANG_WARN_UNGUARDED_AVAILABILITY = YES_AGGRESSIVE;
				CLANG_WARN_UNREACHABLE_CODE = YES;
				CLANG_WARN__DUPLICATE_METHOD_MATCH = YES;
				CODE_SIGN_IDENTITY = "iPhone Developer";
				COPY_PHASE_STRIP = NO;
				DEBUG_INFORMATION_FORMAT = "dwarf-with-dsym";
				ENABLE_NS_ASSERTIONS = NO;
				ENABLE_STRICT_OBJC_MSGSEND = YES;
				GCC_C_LANGUAGE_STANDARD = gnu11;
				GCC_NO_COMMON_BLOCKS = YES;
				GCC_WARN_64_TO_32_BIT_CONVERSION = YES;
				GCC_WARN_ABOUT_RETURN_TYPE = YES_ERROR;
				GCC_WARN_UNDECLARED_SELECTOR = YES;
				GCC_WARN_UNINITIALIZED_AUTOS = YES_AGGRESSIVE;
				GCC_WARN_UNUSED_FUNCTION = YES;
				GCC_WARN_UNUSED_VARIABLE = YES;
				IPHONEOS_DEPLOYMENT_TARGET = 12.1;
				MTL_ENABLE_DEBUG_INFO = NO;
				MTL_FAST_MATH = YES;
				SDKROOT = iphoneos;
				SWIFT_COMPILATION_MODE = wholemodule;
				SWIFT_OPTIMIZATION_LEVEL = "-O";
				VALIDATE_PRODUCT = YES;
			};
			name = Release;
		};
		425DD9CE221904130079ED7F /* Debug */ = {
			isa = XCBuildConfiguration;
			buildSettings = {
				ASSETCATALOG_COMPILER_APPICON_NAME = AppIcon;
				CODE_SIGN_STYLE = Automatic;
				INFOPLIST_FILE = JCPenny/Info.plist;
				LD_RUNPATH_SEARCH_PATHS = (
					"$(inherited)",
					"@executable_path/Frameworks",
				);
				PRODUCT_BUNDLE_IDENTIFIER = BIbek.JCPenny;
				PRODUCT_NAME = "$(TARGET_NAME)";
				SWIFT_VERSION = 4.2;
				TARGETED_DEVICE_FAMILY = "1,2";
			};
			name = Debug;
		};
		425DD9CF221904130079ED7F /* Release */ = {
			isa = XCBuildConfiguration;
			buildSettings = {
				ASSETCATALOG_COMPILER_APPICON_NAME = AppIcon;
				CODE_SIGN_STYLE = Automatic;
				INFOPLIST_FILE = JCPenny/Info.plist;
				LD_RUNPATH_SEARCH_PATHS = (
					"$(inherited)",
					"@executable_path/Frameworks",
				);
				PRODUCT_BUNDLE_IDENTIFIER = BIbek.JCPenny;
				PRODUCT_NAME = "$(TARGET_NAME)";
				SWIFT_VERSION = 4.2;
				TARGETED_DEVICE_FAMILY = "1,2";
			};
			name = Release;
		};
/* End XCBuildConfiguration section */

/* Begin XCConfigurationList section */
		425DD9B3221904100079ED7F /* Build configuration list for PBXProject "JCPenny" */ = {
			isa = XCConfigurationList;
			buildConfigurations = (
				425DD9CB221904130079ED7F /* Debug */,
				425DD9CC221904130079ED7F /* Release */,
			);
			defaultConfigurationIsVisible = 0;
			defaultConfigurationName = Release;
		};
		425DD9CD221904130079ED7F /* Build configuration list for PBXNativeTarget "JCPenny" */ = {
			isa = XCConfigurationList;
			buildConfigurations = (
				425DD9CE221904130079ED7F /* Debug */,
				425DD9CF221904130079ED7F /* Release */,
			);
			defaultConfigurationIsVisible = 0;
			defaultConfigurationName = Release;
		};
/* End XCConfigurationList section */

/* Begin XCVersionGroup section */
		425DD9C2221904100079ED7F /* JCPenny.xcdatamodeld */ = {
			isa = XCVersionGroup;
			children = (
				425DD9C3221904100079ED7F /* JCPenny.xcdatamodel */,
			);
			currentVersion = 425DD9C3221904100079ED7F /* JCPenny.xcdatamodel */;
			path = JCPenny.xcdatamodeld;
			sourceTree = "<group>";
			versionGroupType = wrapper.xcdatamodel;
		};
/* End XCVersionGroup section */
	};
	rootObject = 425DD9B0221904100079ED7F /* Project object */;
}
